
Microsoft Visual Studio Solution File, Format Version 12.00
# Visual Studio 2013
VisualStudioVersion = 12.0.21005.1
MinimumVisualStudioVersion = 10.0.40219.1
Project("{FAE04EC0-301F-11D3-BF4B-00C04F79EFBC}") = "USB CARD", "USB CARD\USB CARD.csproj", "{7E5B5C82-3718-400A-A188-653947CD4EDF}"
EndProject
Global
	GlobalSection(SolutionConfigurationPlatforms) = preSolution
		Debug|Any CPU = Debug|Any CPU
		Release|Any CPU = Release|Any CPU
	EndGlobalSection
	GlobalSection(ProjectConfigurationPlatforms) = postSolution
		{7E5B5C82-3718-400A-A188-653947CD4EDF}.Debug|Any CPU.ActiveCfg = Debug|Any CPU
		{7E5B5C82-3718-400A-A188-653947CD4EDF}.Debug|Any CPU.Build.0 = Debug|Any CPU
		{7E5B5C82-3718-400A-A188-653947CD4EDF}.Release|Any CPU.ActiveCfg = Release|Any CPU
		{7E5B5C82-3718-400A-A188-653947CD4EDF}.Release|Any CPU.Build.0 = Release|Any CPU
	EndGlobalSection
	GlobalSection(SolutionProperties) = preSolution
		HideSolutionNode = FALSE
	EndGlobalSection
EndGlobal
